
Microsoft Visual Studio Solution File, Format Version 12.00
Project("{FAE04EC0-301F-11D3-BF4B-00C04F79EFBC}") = "Proxy", "Proxy\Proxy.csproj", "{0A6FBD12-109A-4EF3-8648-B0430E9474E4}"
EndProject
Project("{FAE04EC0-301F-11D3-BF4B-00C04F79EFBC}") = "ChainOfResponsibility", "ChainOfResponsibility\ChainOfResponsibility.csproj", "{B9D180AC-18BF-405F-B04E-3AEA7BBEA6A0}"
EndProject
Global
	GlobalSection(SolutionConfigurationPlatforms) = preSolution
		Debug|Any CPU = Debug|Any CPU
		Release|Any CPU = Release|Any CPU
	EndGlobalSection
	GlobalSection(ProjectConfigurationPlatforms) = postSolution
		{0A6FBD12-109A-4EF3-8648-B0430E9474E4}.Debug|Any CPU.ActiveCfg = Debug|Any CPU
		{0A6FBD12-109A-4EF3-8648-B0430E9474E4}.Debug|Any CPU.Build.0 = Debug|Any CPU
		{0A6FBD12-109A-4EF3-8648-B0430E9474E4}.Release|Any CPU.ActiveCfg = Release|Any CPU
		{0A6FBD12-109A-4EF3-8648-B0430E9474E4}.Release|Any CPU.Build.0 = Release|Any CPU
		{B9D180AC-18BF-405F-B04E-3AEA7BBEA6A0}.Debug|Any CPU.ActiveCfg = Debug|Any CPU
		{B9D180AC-18BF-405F-B04E-3AEA7BBEA6A0}.Debug|Any CPU.Build.0 = Debug|Any CPU
		{B9D180AC-18BF-405F-B04E-3AEA7BBEA6A0}.Release|Any CPU.ActiveCfg = Release|Any CPU
		{B9D180AC-18BF-405F-B04E-3AEA7BBEA6A0}.Release|Any CPU.Build.0 = Release|Any CPU
	EndGlobalSection
EndGlobal
